
Microsoft Visual Studio Solution File, Format Version 12.00
# Visual Studio Version 17
VisualStudioVersion = 17.10.35122.118
MinimumVisualStudioVersion = 10.0.40219.1
Project("{2150E333-8FDC-42A3-9474-1A3956D46DE8}") = "build", "build", "{E1FFCD98-26C8-4A07-92A9-4B3F18850527}"
	ProjectSection(SolutionItems) = preProject
		.editorconfig = .editorconfig
		.vs\C3D.Extensions.Aspire.IISExpress\config\applicationhost.config = .vs\C3D.Extensions.Aspire.IISExpress\config\applicationhost.config
		LICENSE.txt = LICENSE.txt
		README.md = README.md
	EndProjectSection
EndProject
Project("{2150E333-8FDC-42A3-9474-1A3956D46DE8}") = "src", "src", "{B02941E8-EB9F-4AFF-8383-6B231DD01754}"
EndProject
Project("{2150E333-8FDC-42A3-9474-1A3956D46DE8}") = "samples", "samples", "{A0E19FE4-77FC-4D32-B29C-D31909D2DBC2}"
EndProject
Project("{9A19103F-16F7-4668-BE54-9A1E7A4F7556}") = "C3D.Extensions.Aspire.IISExpress", "src\C3D\Extensions\Aspire\IISExpress\C3D.Extensions.Aspire.IISExpress.csproj", "{6156F6B9-89C5-445D-AD9C-F71C80C4A330}"
EndProject
Project("{2150E333-8FDC-42A3-9474-1A3956D46DE8}") = "SimpleMVC", "SimpleMVC", "{0040F6AE-FAEC-42D3-9AB2-770D4FB3FCF1}"
EndProject
Project("{9A19103F-16F7-4668-BE54-9A1E7A4F7556}") = "AspireAppHostSimpleMVC", "samples\Simple\AspireAppHost\AspireAppHostSimpleMVC.csproj", "{14284C4B-2EA4-4496-9E54-69D76F63E861}"
EndProject
Project("{9A19103F-16F7-4668-BE54-9A1E7A4F7556}") = "SimpleMVC", "samples\Simple\SimpleMVC\SimpleMVC.csproj", "{43BF8982-D17E-4A3C-A74A-5CC3242D314E}"
EndProject
Project("{2150E333-8FDC-42A3-9474-1A3956D46DE8}") = "EF6", "EF6", "{7FD15F17-E945-41C8-B586-B952A5D59765}"
EndProject
Project("{9A19103F-16F7-4668-BE54-9A1E7A4F7556}") = "AspireAppHostEF6", "samples\EF6\AspireAppHost\AspireAppHostEF6.csproj", "{F4E0E090-23D0-4FD8-8F7C-56D5A0812696}"
EndProject
Project("{9A19103F-16F7-4668-BE54-9A1E7A4F7556}") = "EF6WebApp", "samples\EF6\EF6\EF6WebApp.csproj", "{BB146C35-4887-4A60-B46E-8C1B44394E2F}"
EndProject
Project("{FAE04EC0-301F-11D3-BF4B-00C04F79EFBC}") = "C3D.Extensions.SystemWeb.OpenTelemetry.Application", "src\C3D\Extensions\SystemWeb\OpenTelemetry\Application\C3D.Extensions.SystemWeb.OpenTelemetry.Application.csproj", "{F74E2B04-F461-4CAA-9CAF-4BFB89A17189}"
EndProject
Project("{2150E333-8FDC-42A3-9474-1A3956D46DE8}") = "Legacy", "Legacy", "{A49C0E23-C10D-42E4-AFE0-30451146CFC9}"
EndProject
Project("{FAE04EC0-301F-11D3-BF4B-00C04F79EFBC}") = "AspireAppHostLegacy", "samples\Legacy\AspireAppHost3\AspireAppHostLegacy.csproj", "{BD6C97BF-3ABB-4360-8364-07DBD1BC5511}"
EndProject
Project("{FAE04EC0-301F-11D3-BF4B-00C04F79EFBC}") = "LegacyWebApplication", "samples\Legacy\LegacyWebApplication\LegacyWebApplication.csproj", "{85C0E2EE-A1DB-40D8-BE13-44B740101986}"
EndProject
Project("{2150E333-8FDC-42A3-9474-1A3956D46DE8}") = "SWA", "SWA", "{02EA681E-C7D8-13C7-8484-4AC65E1B71E8}"
EndProject
Project("{FAE04EC0-301F-11D3-BF4B-00C04F79EFBC}") = "SWAFramework", "samples\SWA\SWAFramework\SWAFramework.csproj", "{08170CE6-B907-4266-A91D-4176905720A3}"
EndProject
Project("{FAE04EC0-301F-11D3-BF4B-00C04F79EFBC}") = "SWACore", "samples\SWA\SWACore\SWACore.csproj", "{9E38817E-FEF4-4267-B9E4-2DACD33995C8}"
EndProject
Project("{FAE04EC0-301F-11D3-BF4B-00C04F79EFBC}") = "AspireAppHostSWA", "samples\SWA\SWAAspireHost\AspireAppHostSWA.csproj", "{92BF3B00-1E45-4024-80B4-191713E2202E}"
EndProject
Project("{FAE04EC0-301F-11D3-BF4B-00C04F79EFBC}") = "SWALibrary", "samples\SWA\SWALibrary\SWALibrary.csproj", "{CC2EA056-A6F4-481B-87A5-A41B0158C178}"
EndProject
Global
	GlobalSection(SolutionConfigurationPlatforms) = preSolution
		Debug|Any CPU = Debug|Any CPU
		Release|Any CPU = Release|Any CPU
	EndGlobalSection
	GlobalSection(ProjectConfigurationPlatforms) = postSolution
		{6156F6B9-89C5-445D-AD9C-F71C80C4A330}.Debug|Any CPU.ActiveCfg = Debug|Any CPU
		{6156F6B9-89C5-445D-AD9C-F71C80C4A330}.Debug|Any CPU.Build.0 = Debug|Any CPU
		{6156F6B9-89C5-445D-AD9C-F71C80C4A330}.Release|Any CPU.ActiveCfg = Release|Any CPU
		{6156F6B9-89C5-445D-AD9C-F71C80C4A330}.Release|Any CPU.Build.0 = Release|Any CPU
		{14284C4B-2EA4-4496-9E54-69D76F63E861}.Debug|Any CPU.ActiveCfg = Debug|Any CPU
		{14284C4B-2EA4-4496-9E54-69D76F63E861}.Debug|Any CPU.Build.0 = Debug|Any CPU
		{14284C4B-2EA4-4496-9E54-69D76F63E861}.Release|Any CPU.ActiveCfg = Release|Any CPU
		{14284C4B-2EA4-4496-9E54-69D76F63E861}.Release|Any CPU.Build.0 = Release|Any CPU
		{43BF8982-D17E-4A3C-A74A-5CC3242D314E}.Debug|Any CPU.ActiveCfg = Debug|Any CPU
		{43BF8982-D17E-4A3C-A74A-5CC3242D314E}.Debug|Any CPU.Build.0 = Debug|Any CPU
		{43BF8982-D17E-4A3C-A74A-5CC3242D314E}.Release|Any CPU.ActiveCfg = Release|Any CPU
		{43BF8982-D17E-4A3C-A74A-5CC3242D314E}.Release|Any CPU.Build.0 = Release|Any CPU
		{F4E0E090-23D0-4FD8-8F7C-56D5A0812696}.Debug|Any CPU.ActiveCfg = Debug|Any CPU
		{F4E0E090-23D0-4FD8-8F7C-56D5A0812696}.Debug|Any CPU.Build.0 = Debug|Any CPU
		{F4E0E090-23D0-4FD8-8F7C-56D5A0812696}.Release|Any CPU.ActiveCfg = Release|Any CPU
		{F4E0E090-23D0-4FD8-8F7C-56D5A0812696}.Release|Any CPU.Build.0 = Release|Any CPU
		{BB146C35-4887-4A60-B46E-8C1B44394E2F}.Debug|Any CPU.ActiveCfg = Debug|Any CPU
		{BB146C35-4887-4A60-B46E-8C1B44394E2F}.Debug|Any CPU.Build.0 = Debug|Any CPU
		{BB146C35-4887-4A60-B46E-8C1B44394E2F}.Release|Any CPU.ActiveCfg = Release|Any CPU
		{BB146C35-4887-4A60-B46E-8C1B44394E2F}.Release|Any CPU.Build.0 = Release|Any CPU
		{F74E2B04-F461-4CAA-9CAF-4BFB89A17189}.Debug|Any CPU.ActiveCfg = Debug|Any CPU
		{F74E2B04-F461-4CAA-9CAF-4BFB89A17189}.Debug|Any CPU.Build.0 = Debug|Any CPU
		{F74E2B04-F461-4CAA-9CAF-4BFB89A17189}.Release|Any CPU.ActiveCfg = Release|Any CPU
		{F74E2B04-F461-4CAA-9CAF-4BFB89A17189}.Release|Any CPU.Build.0 = Release|Any CPU
		{BD6C97BF-3ABB-4360-8364-07DBD1BC5511}.Debug|Any CPU.ActiveCfg = Debug|Any CPU
		{BD6C97BF-3ABB-4360-8364-07DBD1BC5511}.Debug|Any CPU.Build.0 = Debug|Any CPU
		{BD6C97BF-3ABB-4360-8364-07DBD1BC5511}.Release|Any CPU.ActiveCfg = Release|Any CPU
		{BD6C97BF-3ABB-4360-8364-07DBD1BC5511}.Release|Any CPU.Build.0 = Release|Any CPU
		{85C0E2EE-A1DB-40D8-BE13-44B740101986}.Debug|Any CPU.ActiveCfg = Debug|Any CPU
		{85C0E2EE-A1DB-40D8-BE13-44B740101986}.Debug|Any CPU.Build.0 = Debug|Any CPU
		{85C0E2EE-A1DB-40D8-BE13-44B740101986}.Release|Any CPU.ActiveCfg = Release|Any CPU
		{85C0E2EE-A1DB-40D8-BE13-44B740101986}.Release|Any CPU.Build.0 = Release|Any CPU
		{08170CE6-B907-4266-A91D-4176905720A3}.Debug|Any CPU.ActiveCfg = Debug|Any CPU
		{08170CE6-B907-4266-A91D-4176905720A3}.Debug|Any CPU.Build.0 = Debug|Any CPU
		{08170CE6-B907-4266-A91D-4176905720A3}.Release|Any CPU.ActiveCfg = Release|Any CPU
		{08170CE6-B907-4266-A91D-4176905720A3}.Release|Any CPU.Build.0 = Release|Any CPU
		{9E38817E-FEF4-4267-B9E4-2DACD33995C8}.Debug|Any CPU.ActiveCfg = Debug|Any CPU
		{9E38817E-FEF4-4267-B9E4-2DACD33995C8}.Debug|Any CPU.Build.0 = Debug|Any CPU
		{9E38817E-FEF4-4267-B9E4-2DACD33995C8}.Release|Any CPU.ActiveCfg = Release|Any CPU
		{9E38817E-FEF4-4267-B9E4-2DACD33995C8}.Release|Any CPU.Build.0 = Release|Any CPU
		{92BF3B00-1E45-4024-80B4-191713E2202E}.Debug|Any CPU.ActiveCfg = Debug|Any CPU
		{92BF3B00-1E45-4024-80B4-191713E2202E}.Debug|Any CPU.Build.0 = Debug|Any CPU
		{92BF3B00-1E45-4024-80B4-191713E2202E}.Release|Any CPU.ActiveCfg = Release|Any CPU
		{92BF3B00-1E45-4024-80B4-191713E2202E}.Release|Any CPU.Build.0 = Release|Any CPU
		{CC2EA056-A6F4-481B-87A5-A41B0158C178}.Debug|Any CPU.ActiveCfg = Debug|Any CPU
		{CC2EA056-A6F4-481B-87A5-A41B0158C178}.Debug|Any CPU.Build.0 = Debug|Any CPU
		{CC2EA056-A6F4-481B-87A5-A41B0158C178}.Release|Any CPU.ActiveCfg = Release|Any CPU
		{CC2EA056-A6F4-481B-87A5-A41B0158C178}.Release|Any CPU.Build.0 = Release|Any CPU
	EndGlobalSection
	GlobalSection(SolutionProperties) = preSolution
		HideSolutionNode = FALSE
	EndGlobalSection
	GlobalSection(NestedProjects) = preSolution
		{6156F6B9-89C5-445D-AD9C-F71C80C4A330} = {B02941E8-EB9F-4AFF-8383-6B231DD01754}
		{0040F6AE-FAEC-42D3-9AB2-770D4FB3FCF1} = {A0E19FE4-77FC-4D32-B29C-D31909D2DBC2}
		{14284C4B-2EA4-4496-9E54-69D76F63E861} = {0040F6AE-FAEC-42D3-9AB2-770D4FB3FCF1}
		{43BF8982-D17E-4A3C-A74A-5CC3242D314E} = {0040F6AE-FAEC-42D3-9AB2-770D4FB3FCF1}
		{7FD15F17-E945-41C8-B586-B952A5D59765} = {A0E19FE4-77FC-4D32-B29C-D31909D2DBC2}
		{F4E0E090-23D0-4FD8-8F7C-56D5A0812696} = {7FD15F17-E945-41C8-B586-B952A5D59765}
		{BB146C35-4887-4A60-B46E-8C1B44394E2F} = {7FD15F17-E945-41C8-B586-B952A5D59765}
		{F74E2B04-F461-4CAA-9CAF-4BFB89A17189} = {B02941E8-EB9F-4AFF-8383-6B231DD01754}
		{A49C0E23-C10D-42E4-AFE0-30451146CFC9} = {A0E19FE4-77FC-4D32-B29C-D31909D2DBC2}
		{BD6C97BF-3ABB-4360-8364-07DBD1BC5511} = {A49C0E23-C10D-42E4-AFE0-30451146CFC9}
		{85C0E2EE-A1DB-40D8-BE13-44B740101986} = {A49C0E23-C10D-42E4-AFE0-30451146CFC9}
		{02EA681E-C7D8-13C7-8484-4AC65E1B71E8} = {A0E19FE4-77FC-4D32-B29C-D31909D2DBC2}
		{08170CE6-B907-4266-A91D-4176905720A3} = {02EA681E-C7D8-13C7-8484-4AC65E1B71E8}
		{9E38817E-FEF4-4267-B9E4-2DACD33995C8} = {02EA681E-C7D8-13C7-8484-4AC65E1B71E8}
		{92BF3B00-1E45-4024-80B4-191713E2202E} = {02EA681E-C7D8-13C7-8484-4AC65E1B71E8}
		{CC2EA056-A6F4-481B-87A5-A41B0158C178} = {02EA681E-C7D8-13C7-8484-4AC65E1B71E8}
	EndGlobalSection
	GlobalSection(ExtensibilityGlobals) = postSolution
		SolutionGuid = {7A2C1EF4-C8A0-49A5-8198-0BFBDFE2EE42}
	EndGlobalSection
EndGlobal
